
Microsoft Visual Studio Solution File, Format Version 12.00
# Visual Studio Version 17
VisualStudioVersion = 17.7.34018.315
MinimumVisualStudioVersion = 10.0.40219.1
Project("{FAE04EC0-301F-11D3-BF4B-00C04F79EFBC}") = "MyBookStore", "MyBookStore\MyBookStore.csproj", "{FDA7036E-8ADC-4940-8C66-2ADA0620ACEE}"
EndProject
Global
	GlobalSection(SolutionConfigurationPlatforms) = preSolution
		Debug|Any CPU = Debug|Any CPU
		Release|Any CPU = Release|Any CPU
	EndGlobalSection
	GlobalSection(ProjectConfigurationPlatforms) = postSolution
		{FDA7036E-8ADC-4940-8C66-2ADA0620ACEE}.Debug|Any CPU.ActiveCfg = Debug|Any CPU
		{FDA7036E-8ADC-4940-8C66-2ADA0620ACEE}.Debug|Any CPU.Build.0 = Debug|Any CPU
		{FDA7036E-8ADC-4940-8C66-2ADA0620ACEE}.Release|Any CPU.ActiveCfg = Release|Any CPU
		{FDA7036E-8ADC-4940-8C66-2ADA0620ACEE}.Release|Any CPU.Build.0 = Release|Any CPU
	EndGlobalSection
	GlobalSection(SolutionProperties) = preSolution
		HideSolutionNode = FALSE
	EndGlobalSection
	GlobalSection(ExtensibilityGlobals) = postSolution
		SolutionGuid = {8714D4E9-08E0-4398-AD58-650415EC0AF2}
	EndGlobalSection
EndGlobal
